// !$*UTF8*$!
{
	archiveVersion = 1;
	classes = {
	};
	objectVersion = 50;
	objects = {

/* Begin PBXBuildFile section */
		1A7BC0D620D523A700468466 /* AppDelegate.m in Sources */ = {isa = PBXBuildFile; fileRef = 1A7BC0D520D523A700468466 /* AppDelegate.m */; };
		1A7BC0D920D523A700468466 /* ViewController.m in Sources */ = {isa = PBXBuildFile; fileRef = 1A7BC0D820D523A700468466 /* ViewController.m */; };
		1A7BC0DC20D523A700468466 /* Main.storyboard in Resources */ = {isa = PBXBuildFile; fileRef = 1A7BC0DA20D523A700468466 /* Main.storyboard */; };
		1A7BC0DE20D523A900468466 /* Assets.xcassets in Resources */ = {isa = PBXBuildFile; fileRef = 1A7BC0DD20D523A900468466 /* Assets.xcassets */; };
		1A7BC0E120D523A900468466 /* LaunchScreen.storyboard in Resources */ = {isa = PBXBuildFile; fileRef = 1A7BC0DF20D523A900468466 /* LaunchScreen.storyboard */; };
		1A7BC0E420D523A900468466 /* main.m in Sources */ = {isa = PBXBuildFile; fileRef = 1A7BC0E320D523A900468466 /* main.m */; };
		1A7BC0EE20D523A900468466 /* ComicFlowTests.m in Sources */ = {isa = PBXBuildFile; fileRef = 1A7BC0ED20D523A900468466 /* ComicFlowTests.m */; };
		1A7BC0F920D523A900468466 /* ComicFlowUITests.m in Sources */ = {isa = PBXBuildFile; fileRef = 1A7BC0F820D523A900468466 /* ComicFlowUITests.m */; };
		1A7BC10820D5299100468466 /* ComicsTableViewController.m in Sources */ = {isa = PBXBuildFile; fileRef = 1A7BC10720D5299100468466 /* ComicsTableViewController.m */; };
		1A7BC10B20D52C0700468466 /* ChapterTableViewController.m in Sources */ = {isa = PBXBuildFile; fileRef = 1A7BC10A20D52C0700468466 /* ChapterTableViewController.m */; };
		1A7BC10E20D52DD800468466 /* CMFetcher.m in Sources */ = {isa = PBXBuildFile; fileRef = 1A7BC10D20D52DD800468466 /* CMFetcher.m */; };
		1A7BC11120D533E700468466 /* UIViewController+Alert.m in Sources */ = {isa = PBXBuildFile; fileRef = 1A7BC11020D533E700468466 /* UIViewController+Alert.m */; };
		1A7BC11720D53C1500468466 /* ImageBrowserViewController.m in Sources */ = {isa = PBXBuildFile; fileRef = 1A7BC11620D53C1500468466 /* ImageBrowserViewController.m */; };
		EB64E5833F5DBA61EE3E7712 /* Pods_ComicFlow.framework in Frameworks */ = {isa = PBXBuildFile; fileRef = 06242CFFEA2E9F67477EED35 /* Pods_ComicFlow.framework */; };
/* End PBXBuildFile section */

/* Begin PBXContainerItemProxy section */
		1A7BC0EA20D523A900468466 /* PBXContainerItemProxy */ = {
			isa = PBXContainerItemProxy;
			containerPortal = 1A7BC0C920D523A700468466 /* Project object */;
			proxyType = 1;
			remoteGlobalIDString = 1A7BC0D020D523A700468466;
			remoteInfo = ComicFlow;
		};
		1A7BC0F520D523A900468466 /* PBXContainerItemProxy */ = {
			isa = PBXContainerItemProxy;
			containerPortal = 1A7BC0C920D523A700468466 /* Project object */;
			proxyType = 1;
			remoteGlobalIDString = 1A7BC0D020D523A700468466;
			remoteInfo = ComicFlow;
		};
/* End PBXContainerItemProxy section */

/* Begin PBXFileReference section */
		06242CFFEA2E9F67477EED35 /* Pods_ComicFlow.framework */ = {isa = PBXFileReference; explicitFileType = wrapper.framework; includeInIndex = 0; path = Pods_ComicFlow.framework; sourceTree = BUILT_PRODUCTS_DIR; };
		1A7BC0D120D523A700468466 /* ComicFlow.app */ = {isa = PBXFileReference; explicitFileType = wrapper.application; includeInIndex = 0; path = ComicFlow.app; sourceTree = BUILT_PRODUCTS_DIR; };
		1A7BC0D420D523A700468466 /* AppDelegate.h */ = {isa = PBXFileReference; lastKnownFileType = sourcecode.c.h; path = AppDelegate.h; sourceTree = "<group>"; };
		1A7BC0D520D523A700468466 /* AppDelegate.m */ = {isa = PBXFileReference; lastKnownFileType = sourcecode.c.objc; path = AppDelegate.m; sourceTree = "<group>"; };
		1A7BC0D720D523A700468466 /* ViewController.h */ = {isa = PBXFileReference; lastKnownFileType = sourcecode.c.h; path = ViewController.h; sourceTree = "<group>"; };
		1A7BC0D820D523A700468466 /* ViewController.m */ = {isa = PBXFileReference; lastKnownFileType = sourcecode.c.objc; path = ViewController.m; sourceTree = "<group>"; };
		1A7BC0DB20D523A700468466 /* Base */ = {isa = PBXFileReference; lastKnownFileType = file.storyboard; name = Base; path = Base.lproj/Main.storyboard; sourceTree = "<group>"; };
		1A7BC0DD20D523A900468466 /* Assets.xcassets */ = {isa = PBXFileReference; lastKnownFileType = folder.assetcatalog; path = Assets.xcassets; sourceTree = "<group>"; };
		1A7BC0E020D523A900468466 /* Base */ = {isa = PBXFileReference; lastKnownFileType = file.storyboard; name = Base; path = Base.lproj/LaunchScreen.storyboard; sourceTree = "<group>"; };
		1A7BC0E220D523A900468466 /* Info.plist */ = {isa = PBXFileReference; lastKnownFileType = text.plist.xml; path = Info.plist; sourceTree = "<group>"; };
		1A7BC0E320D523A900468466 /* main.m */ = {isa = PBXFileReference; lastKnownFileType = sourcecode.c.objc; path = main.m; sourceTree = "<group>"; };
		1A7BC0E920D523A900468466 /* ComicFlowTests.xctest */ = {isa = PBXFileReference; explicitFileType = wrapper.cfbundle; includeInIndex = 0; path = ComicFlowTests.xctest; sourceTree = BUILT_PRODUCTS_DIR; };
		1A7BC0ED20D523A900468466 /* ComicFlowTests.m */ = {isa = PBXFileReference; lastKnownFileType = sourcecode.c.objc; path = ComicFlowTests.m; sourceTree = "<group>"; };
		1A7BC0EF20D523A900468466 /* Info.plist */ = {isa = PBXFileReference; lastKnownFileType = text.plist.xml; path = Info.plist; sourceTree = "<group>"; };
		1A7BC0F420D523A900468466 /* ComicFlowUITests.xctest */ = {isa = PBXFileReference; explicitFileType = wrapper.cfbundle; includeInIndex = 0; path = ComicFlowUITests.xctest; sourceTree = BUILT_PRODUCTS_DIR; };
		1A7BC0F820D523A900468466 /* ComicFlowUITests.m */ = {isa = PBXFileReference; lastKnownFileType = sourcecode.c.objc; path = ComicFlowUITests.m; sourceTree = "<group>"; };
		1A7BC0FA20D523A900468466 /* Info.plist */ = {isa = PBXFileReference; lastKnownFileType = text.plist.xml; path = Info.plist; sourceTree = "<group>"; };
		1A7BC10620D5299100468466 /* ComicsTableViewController.h */ = {isa = PBXFileReference; lastKnownFileType = sourcecode.c.h; path = ComicsTableViewController.h; sourceTree = "<group>"; };
		1A7BC10720D5299100468466 /* ComicsTableViewController.m */ = {isa = PBXFileReference; lastKnownFileType = sourcecode.c.objc; path = ComicsTableViewController.m; sourceTree = "<group>"; };
		1A7BC10920D52C0700468466 /* ChapterTableViewController.h */ = {isa = PBXFileReference; lastKnownFileType = sourcecode.c.h; path = ChapterTableViewController.h; sourceTree = "<group>"; };
		1A7BC10A20D52C0700468466 /* ChapterTableViewController.m */ = {isa = PBXFileReference; lastKnownFileType = sourcecode.c.objc; path = ChapterTableViewController.m; sourceTree = "<group>"; };
		1A7BC10C20D52DD800468466 /* CMFetcher.h */ = {isa = PBXFileReference; lastKnownFileType = sourcecode.c.h; path = CMFetcher.h; sourceTree = "<group>"; };
		1A7BC10D20D52DD800468466 /* CMFetcher.m */ = {isa = PBXFileReference; lastKnownFileType = sourcecode.c.objc; path = CMFetcher.m; sourceTree = "<group>"; };
		1A7BC10F20D533E700468466 /* UIViewController+Alert.h */ = {isa = PBXFileReference; lastKnownFileType = sourcecode.c.h; path = "UIViewController+Alert.h"; sourceTree = "<group>"; };
		1A7BC11020D533E700468466 /* UIViewController+Alert.m */ = {isa = PBXFileReference; lastKnownFileType = sourcecode.c.objc; path = "UIViewController+Alert.m"; sourceTree = "<group>"; };
		1A7BC11520D53C1500468466 /* ImageBrowserViewController.h */ = {isa = PBXFileReference; lastKnownFileType = sourcecode.c.h; path = ImageBrowserViewController.h; sourceTree = "<group>"; };
		1A7BC11620D53C1500468466 /* ImageBrowserViewController.m */ = {isa = PBXFileReference; lastKnownFileType = sourcecode.c.objc; path = ImageBrowserViewController.m; sourceTree = "<group>"; };
		92049699A4B2B977DA8A2712 /* Pods-ComicFlow.release.xcconfig */ = {isa = PBXFileReference; includeInIndex = 1; lastKnownFileType = text.xcconfig; name = "Pods-ComicFlow.release.xcconfig"; path = "Pods/Target Support Files/Pods-ComicFlow/Pods-ComicFlow.release.xcconfig"; sourceTree = "<group>"; };
		C52CFB754D6AFD2E0EC152B2 /* Pods-ComicFlow.debug.xcconfig */ = {isa = PBXFileReference; includeInIndex = 1; lastKnownFileType = text.xcconfig; name = "Pods-ComicFlow.debug.xcconfig"; path = "Pods/Target Support Files/Pods-ComicFlow/Pods-ComicFlow.debug.xcconfig"; sourceTree = "<group>"; };
/* End PBXFileReference section */

/* Begin PBXFrameworksBuildPhase section */
		1A7BC0CE20D523A700468466 /* Frameworks */ = {
			isa = PBXFrameworksBuildPhase;
			buildActionMask = 2147483647;
			files = (
				EB64E5833F5DBA61EE3E7712 /* Pods_ComicFlow.framework in Frameworks */,
			);
			runOnlyForDeploymentPostprocessing = 0;
		};
		1A7BC0E620D523A900468466 /* Frameworks */ = {
			isa = PBXFrameworksBuildPhase;
			buildActionMask = 2147483647;
			files = (
			);
			runOnlyForDeploymentPostprocessing = 0;
		};
		1A7BC0F120D523A900468466 /* Frameworks */ = {
			isa = PBXFrameworksBuildPhase;
			buildActionMask = 2147483647;
			files = (
			);
			runOnlyForDeploymentPostprocessing = 0;
		};
/* End PBXFrameworksBuildPhase section */

/* Begin PBXGroup section */
		14B2BE6F56B81124CB8D6D31 /* Frameworks */ = {
			isa = PBXGroup;
			children = (
				06242CFFEA2E9F67477EED35 /* Pods_ComicFlow.framework */,
			);
			name = Frameworks;
			sourceTree = "<group>";
		};
		1A7BC0C820D523A700468466 = {
			isa = PBXGroup;
			children = (
				1A7BC0D320D523A700468466 /* ComicFlow */,
				1A7BC0EC20D523A900468466 /* ComicFlowTests */,
				1A7BC0F720D523A900468466 /* ComicFlowUITests */,
				1A7BC0D220D523A700468466 /* Products */,
				67329B61AAF7C1048D275DDA /* Pods */,
				14B2BE6F56B81124CB8D6D31 /* Frameworks */,
			);
			sourceTree = "<group>";
		};
		1A7BC0D220D523A700468466 /* Products */ = {
			isa = PBXGroup;
			children = (
				1A7BC0D120D523A700468466 /* ComicFlow.app */,
				1A7BC0E920D523A900468466 /* ComicFlowTests.xctest */,
				1A7BC0F420D523A900468466 /* ComicFlowUITests.xctest */,
			);
			name = Products;
			sourceTree = "<group>";
		};
		1A7BC0D320D523A700468466 /* ComicFlow */ = {
			isa = PBXGroup;
			children = (
				1A7BC0D420D523A700468466 /* AppDelegate.h */,
				1A7BC0D520D523A700468466 /* AppDelegate.m */,
				1A7BC0D720D523A700468466 /* ViewController.h */,
				1A7BC0D820D523A700468466 /* ViewController.m */,
				1A7BC10C20D52DD800468466 /* CMFetcher.h */,
				1A7BC10D20D52DD800468466 /* CMFetcher.m */,
				1A7BC10F20D533E700468466 /* UIViewController+Alert.h */,
				1A7BC11020D533E700468466 /* UIViewController+Alert.m */,
				1A7BC10620D5299100468466 /* ComicsTableViewController.h */,
				1A7BC10720D5299100468466 /* ComicsTableViewController.m */,
				1A7BC10920D52C0700468466 /* ChapterTableViewController.h */,
				1A7BC10A20D52C0700468466 /* ChapterTableViewController.m */,
				1A7BC11520D53C1500468466 /* ImageBrowserViewController.h */,
				1A7BC11620D53C1500468466 /* ImageBrowserViewController.m */,
				1A7BC0DA20D523A700468466 /* Main.storyboard */,
				1A7BC0DD20D523A900468466 /* Assets.xcassets */,
				1A7BC0DF20D523A900468466 /* LaunchScreen.storyboard */,
				1A7BC0E220D523A900468466 /* Info.plist */,
				1A7BC0E320D523A900468466 /* main.m */,
			);
			path = ComicFlow;
			sourceTree = "<group>";
		};
		1A7BC0EC20D523A900468466 /* ComicFlowTests */ = {
			isa = PBXGroup;
			children = (
				1A7BC0ED20D523A900468466 /* ComicFlowTests.m */,
				1A7BC0EF20D523A900468466 /* Info.plist */,
			);
			path = ComicFlowTests;
			sourceTree = "<group>";
		};
		1A7BC0F720D523A900468466 /* ComicFlowUITests */ = {
			isa = PBXGroup;
			children = (
				1A7BC0F820D523A900468466 /* ComicFlowUITests.m */,
				1A7BC0FA20D523A900468466 /* Info.plist */,
			);
			path = ComicFlowUITests;
			sourceTree = "<group>";
		};
		67329B61AAF7C1048D275DDA /* Pods */ = {
			isa = PBXGroup;
			children = (
				C52CFB754D6AFD2E0EC152B2 /* Pods-ComicFlow.debug.xcconfig */,
				92049699A4B2B977DA8A2712 /* Pods-ComicFlow.release.xcconfig */,
			);
			name = Pods;
			sourceTree = "<group>";
		};
/* End PBXGroup section */

/* Begin PBXNativeTarget section */
		1A7BC0D020D523A700468466 /* ComicFlow */ = {
			isa = PBXNativeTarget;
			buildConfigurationList = 1A7BC0FD20D523A900468466 /* Build configuration list for PBXNativeTarget "ComicFlow" */;
			buildPhases = (
				6FAC22E15C9CFC4BF1A2B3AE /* [CP] Check Pods Manifest.lock */,
				1A7BC0CD20D523A700468466 /* Sources */,
				1A7BC0CE20D523A700468466 /* Frameworks */,
				1A7BC0CF20D523A700468466 /* Resources */,
				3C787DC1A3C9F6E2E8C49FA7 /* [CP] Embed Pods Frameworks */,
				96D8F70860831F65B2CB4F51 /* [CP] Copy Pods Resources */,
			);
			buildRules = (
			);
			dependencies = (
			);
			name = ComicFlow;
			productName = ComicFlow;
			productReference = 1A7BC0D120D523A700468466 /* ComicFlow.app */;
			productType = "com.apple.product-type.application";
		};
		1A7BC0E820D523A900468466 /* ComicFlowTests */ = {
			isa = PBXNativeTarget;
			buildConfigurationList = 1A7BC10020D523A900468466 /* Build configuration list for PBXNativeTarget "ComicFlowTests" */;
			buildPhases = (
				1A7BC0E520D523A900468466 /* Sources */,
				1A7BC0E620D523A900468466 /* Frameworks */,
				1A7BC0E720D523A900468466 /* Resources */,
			);
			buildRules = (
			);
			dependencies = (
				1A7BC0EB20D523A900468466 /* PBXTargetDependency */,
			);
			name = ComicFlowTests;
			productName = ComicFlowTests;
			productReference = 1A7BC0E920D523A900468466 /* ComicFlowTests.xctest */;
			productType = "com.apple.product-type.bundle.unit-test";
		};
		1A7BC0F320D523A900468466 /* ComicFlowUITests */ = {
			isa = PBXNativeTarget;
			buildConfigurationList = 1A7BC10320D523A900468466 /* Build configuration list for PBXNativeTarget "ComicFlowUITests" */;
			buildPhases = (
				1A7BC0F020D523A900468466 /* Sources */,
				1A7BC0F120D523A900468466 /* Frameworks */,
				1A7BC0F220D523A900468466 /* Resources */,
			);
			buildRules = (
			);
			dependencies = (
				1A7BC0F620D523A900468466 /* PBXTargetDependency */,
			);
			name = ComicFlowUITests;
			productName = ComicFlowUITests;
			productReference = 1A7BC0F420D523A900468466 /* ComicFlowUITests.xctest */;
			productType = "com.apple.product-type.bundle.ui-testing";
		};
/* End PBXNativeTarget section */

/* Begin PBXProject section */
		1A7BC0C920D523A700468466 /* Project object */ = {
			isa = PBXProject;
			attributes = {
				LastUpgradeCheck = 0930;
				ORGANIZATIONNAME = vipkid;
				TargetAttributes = {
					1A7BC0D020D523A700468466 = {
						CreatedOnToolsVersion = 9.3;
					};
					1A7BC0E820D523A900468466 = {
						CreatedOnToolsVersion = 9.3;
						TestTargetID = 1A7BC0D020D523A700468466;
					};
					1A7BC0F320D523A900468466 = {
						CreatedOnToolsVersion = 9.3;
						TestTargetID = 1A7BC0D020D523A700468466;
					};
				};
			};
			buildConfigurationList = 1A7BC0CC20D523A700468466 /* Build configuration list for PBXProject "ComicFlow" */;
			compatibilityVersion = "Xcode 9.3";
			developmentRegion = en;
			hasScannedForEncodings = 0;
			knownRegions = (
				en,
				Base,
			);
			mainGroup = 1A7BC0C820D523A700468466;
			productRefGroup = 1A7BC0D220D523A700468466 /* Products */;
			projectDirPath = "";
			projectRoot = "";
			targets = (
				1A7BC0D020D523A700468466 /* ComicFlow */,
				1A7BC0E820D523A900468466 /* ComicFlowTests */,
				1A7BC0F320D523A900468466 /* ComicFlowUITests */,
			);
		};
/* End PBXProject section */

/* Begin PBXResourcesBuildPhase section */
		1A7BC0CF20D523A700468466 /* Resources */ = {
			isa = PBXResourcesBuildPhase;
			buildActionMask = 2147483647;
			files = (
				1A7BC0E120D523A900468466 /* LaunchScreen.storyboard in Resources */,
				1A7BC0DE20D523A900468466 /* Assets.xcassets in Resources */,
				1A7BC0DC20D523A700468466 /* Main.storyboard in Resources */,
			);
			runOnlyForDeploymentPostprocessing = 0;
		};
		1A7BC0E720D523A900468466 /* Resources */ = {
			isa = PBXResourcesBuildPhase;
			buildActionMask = 2147483647;
			files = (
			);
			runOnlyForDeploymentPostprocessing = 0;
		};
		1A7BC0F220D523A900468466 /* Resources */ = {
			isa = PBXResourcesBuildPhase;
			buildActionMask = 2147483647;
			files = (
			);
			runOnlyForDeploymentPostprocessing = 0;
		};
/* End PBXResourcesBuildPhase section */

/* Begin PBXShellScriptBuildPhase section */
		3C787DC1A3C9F6E2E8C49FA7 /* [CP] Embed Pods Frameworks */ = {
			isa = PBXShellScriptBuildPhase;
			buildActionMask = 2147483647;
			files = (
			);
			inputPaths = (
				"${SRCROOT}/Pods/Target Support Files/Pods-ComicFlow/Pods-ComicFlow-frameworks.sh",
				"${BUILT_PRODUCTS_DIR}/AFNetworking/AFNetworking.framework",
				"${BUILT_PRODUCTS_DIR}/DACircularProgress/DACircularProgress.framework",
				"${BUILT_PRODUCTS_DIR}/MBProgressHUD/MBProgressHUD.framework",
				"${BUILT_PRODUCTS_DIR}/MWPhotoBrowser/MWPhotoBrowser.framework",
				"${BUILT_PRODUCTS_DIR}/SDWebImage/SDWebImage.framework",
			);
			name = "[CP] Embed Pods Frameworks";
			outputPaths = (
				"${TARGET_BUILD_DIR}/${FRAMEWORKS_FOLDER_PATH}/AFNetworking.framework",
				"${TARGET_BUILD_DIR}/${FRAMEWORKS_FOLDER_PATH}/DACircularProgress.framework",
				"${TARGET_BUILD_DIR}/${FRAMEWORKS_FOLDER_PATH}/MBProgressHUD.framework",
				"${TARGET_BUILD_DIR}/${FRAMEWORKS_FOLDER_PATH}/MWPhotoBrowser.framework",
				"${TARGET_BUILD_DIR}/${FRAMEWORKS_FOLDER_PATH}/SDWebImage.framework",
			);
			runOnlyForDeploymentPostprocessing = 0;
			shellPath = /bin/sh;
			shellScript = "\"${SRCROOT}/Pods/Target Support Files/Pods-ComicFlow/Pods-ComicFlow-frameworks.sh\"\n";
			showEnvVarsInLog = 0;
		};
		6FAC22E15C9CFC4BF1A2B3AE /* [CP] Check Pods Manifest.lock */ = {
			isa = PBXShellScriptBuildPhase;
			buildActionMask = 2147483647;
			files = (
			);
			inputPaths = (
				"${PODS_PODFILE_DIR_PATH}/Podfile.lock",
				"${PODS_ROOT}/Manifest.lock",
			);
			name = "[CP] Check Pods Manifest.lock";
			outputPaths = (
				"$(DERIVED_FILE_DIR)/Pods-ComicFlow-checkManifestLockResult.txt",
			);
			runOnlyForDeploymentPostprocessing = 0;
			shellPath = /bin/sh;
			shellScript = "diff \"${PODS_PODFILE_DIR_PATH}/Podfile.lock\" \"${PODS_ROOT}/Manifest.lock\" > /dev/null\nif [ $? != 0 ] ; then\n    # print error to STDERR\n    echo \"error: The sandbox is not in sync with the Podfile.lock. Run 'pod install' or update your CocoaPods installation.\" >&2\n    exit 1\nfi\n# This output is used by Xcode 'outputs' to avoid re-running this script phase.\necho \"SUCCESS\" > \"${SCRIPT_OUTPUT_FILE_0}\"\n";
			showEnvVarsInLog = 0;
		};
		96D8F70860831F65B2CB4F51 /* [CP] Copy Pods Resources */ = {
			isa = PBXShellScriptBuildPhase;
			buildActionMask = 2147483647;
			files = (
			);
			inputPaths = (
			);
			name = "[CP] Copy Pods Resources";
			outputPaths = (
			);
			runOnlyForDeploymentPostprocessing = 0;
			shellPath = /bin/sh;
			shellScript = "\"${SRCROOT}/Pods/Target Support Files/Pods-ComicFlow/Pods-ComicFlow-resources.sh\"\n";
			showEnvVarsInLog = 0;
		};
/* End PBXShellScriptBuildPhase section */

/* Begin PBXSourcesBuildPhase section */
		1A7BC0CD20D523A700468466 /* Sources */ = {
			isa = PBXSourcesBuildPhase;
			buildActionMask = 2147483647;
			files = (
				1A7BC0D920D523A700468466 /* ViewController.m in Sources */,
				1A7BC10E20D52DD800468466 /* CMFetcher.m in Sources */,
				1A7BC0E420D523A900468466 /* main.m in Sources */,
				1A7BC11720D53C1500468466 /* ImageBrowserViewController.m in Sources */,
				1A7BC0D620D523A700468466 /* AppDelegate.m in Sources */,
				1A7BC10820D5299100468466 /* ComicsTableViewController.m in Sources */,
				1A7BC10B20D52C0700468466 /* ChapterTableViewController.m in Sources */,
				1A7BC11120D533E700468466 /* UIViewController+Alert.m in Sources */,
			);
			runOnlyForDeploymentPostprocessing = 0;
		};
		1A7BC0E520D523A900468466 /* Sources */ = {
			isa = PBXSourcesBuildPhase;
			buildActionMask = 2147483647;
			files = (
				1A7BC0EE20D523A900468466 /* ComicFlowTests.m in Sources */,
			);
			runOnlyForDeploymentPostprocessing = 0;
		};
		1A7BC0F020D523A900468466 /* Sources */ = {
			isa = PBXSourcesBuildPhase;
			buildActionMask = 2147483647;
			files = (
				1A7BC0F920D523A900468466 /* ComicFlowUITests.m in Sources */,
			);
			runOnlyForDeploymentPostprocessing = 0;
		};
/* End PBXSourcesBuildPhase section */

/* Begin PBXTargetDependency section */
		1A7BC0EB20D523A900468466 /* PBXTargetDependency */ = {
			isa = PBXTargetDependency;
			target = 1A7BC0D020D523A700468466 /* ComicFlow */;
			targetProxy = 1A7BC0EA20D523A900468466 /* PBXContainerItemProxy */;
		};
		1A7BC0F620D523A900468466 /* PBXTargetDependency */ = {
			isa = PBXTargetDependency;
			target = 1A7BC0D020D523A700468466 /* ComicFlow */;
			targetProxy = 1A7BC0F520D523A900468466 /* PBXContainerItemProxy */;
		};
/* End PBXTargetDependency section */

/* Begin PBXVariantGroup section */
		1A7BC0DA20D523A700468466 /* Main.storyboard */ = {
			isa = PBXVariantGroup;
			children = (
				1A7BC0DB20D523A700468466 /* Base */,
			);
			name = Main.storyboard;
			sourceTree = "<group>";
		};
		1A7BC0DF20D523A900468466 /* LaunchScreen.storyboard */ = {
			isa = PBXVariantGroup;
			children = (
				1A7BC0E020D523A900468466 /* Base */,
			);
			name = LaunchScreen.storyboard;
			sourceTree = "<group>";
		};
/* End PBXVariantGroup section */

/* Begin XCBuildConfiguration section */
		1A7BC0FB20D523A900468466 /* Debug */ = {
			isa = XCBuildConfiguration;
			buildSettings = {
				ALWAYS_SEARCH_USER_PATHS = NO;
				CLANG_ANALYZER_NONNULL = YES;
				CLANG_ANALYZER_NUMBER_OBJECT_CONVERSION = YES_AGGRESSIVE;
				CLANG_CXX_LANGUAGE_STANDARD = "gnu++14";
				CLANG_CXX_LIBRARY = "libc++";
				CLANG_ENABLE_MODULES = YES;
				CLANG_ENABLE_OBJC_ARC = YES;
				CLANG_ENABLE_OBJC_WEAK = YES;
				CLANG_WARN_BLOCK_CAPTURE_AUTORELEASING = YES;
				CLANG_WARN_BOOL_CONVERSION = YES;
				CLANG_WARN_COMMA = YES;
				CLANG_WARN_CONSTANT_CONVERSION = YES;
				CLANG_WARN_DEPRECATED_OBJC_IMPLEMENTATIONS = YES;
				CLANG_WARN_DIRECT_OBJC_ISA_USAGE = YES_ERROR;
				CLANG_WARN_DOCUMENTATION_COMMENTS = YES;
				CLANG_WARN_EMPTY_BODY = YES;
				CLANG_WARN_ENUM_CONVERSION = YES;
				CLANG_WARN_INFINITE_RECURSION = YES;
				CLANG_WARN_INT_CONVERSION = YES;
				CLANG_WARN_NON_LITERAL_NULL_CONVERSION = YES;
				CLANG_WARN_OBJC_IMPLICIT_RETAIN_SELF = YES;
				CLANG_WARN_OBJC_LITERAL_CONVERSION = YES;
				CLANG_WARN_OBJC_ROOT_CLASS = YES_ERROR;
				CLANG_WARN_RANGE_LOOP_ANALYSIS = YES;
				CLANG_WARN_STRICT_PROTOTYPES = YES;
				CLANG_WARN_SUSPICIOUS_MOVE = YES;
				CLANG_WARN_UNGUARDED_AVAILABILITY = YES_AGGRESSIVE;
				CLANG_WARN_UNREACHABLE_CODE = YES;
				CLANG_WARN__DUPLICATE_METHOD_MATCH = YES;
				CODE_SIGN_IDENTITY = "iPhone Developer";
				COPY_PHASE_STRIP = NO;
				DEBUG_INFORMATION_FORMAT = dwarf;
				ENABLE_STRICT_OBJC_MSGSEND = YES;
				ENABLE_TESTABILITY = YES;
				GCC_C_LANGUAGE_STANDARD = gnu11;
				GCC_DYNAMIC_NO_PIC = NO;
				GCC_NO_COMMON_BLOCKS = YES;
				GCC_OPTIMIZATION_LEVEL = 0;
				GCC_PREPROCESSOR_DEFINITIONS = (
					"DEBUG=1",
					"$(inherited)",
				);
				GCC_WARN_64_TO_32_BIT_CONVERSION = YES;
				GCC_WARN_ABOUT_RETURN_TYPE = YES_ERROR;
				GCC_WARN_UNDECLARED_SELECTOR = YES;
				GCC_WARN_UNINITIALIZED_AUTOS = YES_AGGRESSIVE;
				GCC_WARN_UNUSED_FUNCTION = YES;
				GCC_WARN_UNUSED_VARIABLE = YES;
				IPHONEOS_DEPLOYMENT_TARGET = 11.3;
				MTL_ENABLE_DEBUG_INFO = YES;
				ONLY_ACTIVE_ARCH = YES;
				SDKROOT = iphoneos;
			};
			name = Debug;
		};
		1A7BC0FC20D523A900468466 /* Release */ = {
			isa = XCBuildConfiguration;
			buildSettings = {
				ALWAYS_SEARCH_USER_PATHS = NO;
				CLANG_ANALYZER_NONNULL = YES;
				CLANG_ANALYZER_NUMBER_OBJECT_CONVERSION = YES_AGGRESSIVE;
				CLANG_CXX_LANGUAGE_STANDARD = "gnu++14";
				CLANG_CXX_LIBRARY = "libc++";
				CLANG_ENABLE_MODULES = YES;
				CLANG_ENABLE_OBJC_ARC = YES;
				CLANG_ENABLE_OBJC_WEAK = YES;
				CLANG_WARN_BLOCK_CAPTURE_AUTORELEASING = YES;
				CLANG_WARN_BOOL_CONVERSION = YES;
				CLANG_WARN_COMMA = YES;
				CLANG_WARN_CONSTANT_CONVERSION = YES;
				CLANG_WARN_DEPRECATED_OBJC_IMPLEMENTATIONS = YES;
				CLANG_WARN_DIRECT_OBJC_ISA_USAGE = YES_ERROR;
				CLANG_WARN_DOCUMENTATION_COMMENTS = YES;
				CLANG_WARN_EMPTY_BODY = YES;
				CLANG_WARN_ENUM_CONVERSION = YES;
				CLANG_WARN_INFINITE_RECURSION = YES;
				CLANG_WARN_INT_CONVERSION = YES;
				CLANG_WARN_NON_LITERAL_NULL_CONVERSION = YES;
				CLANG_WARN_OBJC_IMPLICIT_RETAIN_SELF = YES;
				CLANG_WARN_OBJC_LITERAL_CONVERSION = YES;
				CLANG_WARN_OBJC_ROOT_CLASS = YES_ERROR;
				CLANG_WARN_RANGE_LOOP_ANALYSIS = YES;
				CLANG_WARN_STRICT_PROTOTYPES = YES;
				CLANG_WARN_SUSPICIOUS_MOVE = YES;
				CLANG_WARN_UNGUARDED_AVAILABILITY = YES_AGGRESSIVE;
				CLANG_WARN_UNREACHABLE_CODE = YES;
				CLANG_WARN__DUPLICATE_METHOD_MATCH = YES;
				CODE_SIGN_IDENTITY = "iPhone Developer";
				COPY_PHASE_STRIP = NO;
				DEBUG_INFORMATION_FORMAT = "dwarf-with-dsym";
				ENABLE_NS_ASSERTIONS = NO;
				ENABLE_STRICT_OBJC_MSGSEND = YES;
				GCC_C_LANGUAGE_STANDARD = gnu11;
				GCC_NO_COMMON_BLOCKS = YES;
				GCC_WARN_64_TO_32_BIT_CONVERSION = YES;
				GCC_WARN_ABOUT_RETURN_TYPE = YES_ERROR;
				GCC_WARN_UNDECLARED_SELECTOR = YES;
				GCC_WARN_UNINITIALIZED_AUTOS = YES_AGGRESSIVE;
				GCC_WARN_UNUSED_FUNCTION = YES;
				GCC_WARN_UNUSED_VARIABLE = YES;
				IPHONEOS_DEPLOYMENT_TARGET = 11.3;
				MTL_ENABLE_DEBUG_INFO = NO;
				SDKROOT = iphoneos;
				VALIDATE_PRODUCT = YES;
			};
			name = Release;
		};
		1A7BC0FE20D523A900468466 /* Debug */ = {
			isa = XCBuildConfiguration;
			baseConfigurationReference = C52CFB754D6AFD2E0EC152B2 /* Pods-ComicFlow.debug.xcconfig */;
			buildSettings = {
				ASSETCATALOG_COMPILER_APPICON_NAME = AppIcon;
				CODE_SIGN_STYLE = Automatic;
				DEVELOPMENT_TEAM = 3S67G6A35R;
				INFOPLIST_FILE = ComicFlow/Info.plist;
				LD_RUNPATH_SEARCH_PATHS = (
					"$(inherited)",
					"@executable_path/Frameworks",
				);
				PRODUCT_BUNDLE_IDENTIFIER = vipkid.ComicFlow;
				PRODUCT_NAME = "$(TARGET_NAME)";
				TARGETED_DEVICE_FAMILY = "1,2";
			};
			name = Debug;
		};
		1A7BC0FF20D523A900468466 /* Release */ = {
			isa = XCBuildConfiguration;
			baseConfigurationReference = 92049699A4B2B977DA8A2712 /* Pods-ComicFlow.release.xcconfig */;
			buildSettings = {
				ASSETCATALOG_COMPILER_APPICON_NAME = AppIcon;
				CODE_SIGN_STYLE = Automatic;
				DEVELOPMENT_TEAM = 3S67G6A35R;
				INFOPLIST_FILE = ComicFlow/Info.plist;
				LD_RUNPATH_SEARCH_PATHS = (
					"$(inherited)",
					"@executable_path/Frameworks",
				);
				PRODUCT_BUNDLE_IDENTIFIER = vipkid.ComicFlow;
				PRODUCT_NAME = "$(TARGET_NAME)";
				TARGETED_DEVICE_FAMILY = "1,2";
			};
			name = Release;
		};
		1A7BC10120D523A900468466 /* Debug */ = {
			isa = XCBuildConfiguration;
			buildSettings = {
				BUNDLE_LOADER = "$(TEST_HOST)";
				CODE_SIGN_STYLE = Automatic;
				DEVELOPMENT_TEAM = 3S67G6A35R;
				INFOPLIST_FILE = ComicFlowTests/Info.plist;
				LD_RUNPATH_SEARCH_PATHS = (
					"$(inherited)",
					"@executable_path/Frameworks",
					"@loader_path/Frameworks",
				);
				PRODUCT_BUNDLE_IDENTIFIER = vipkid.ComicFlowTests;
				PRODUCT_NAME = "$(TARGET_NAME)";
				TARGETED_DEVICE_FAMILY = "1,2";
				TEST_HOST = "$(BUILT_PRODUCTS_DIR)/ComicFlow.app/ComicFlow";
			};
			name = Debug;
		};
		1A7BC10220D523A900468466 /* Release */ = {
			isa = XCBuildConfiguration;
			buildSettings = {
				BUNDLE_LOADER = "$(TEST_HOST)";
				CODE_SIGN_STYLE = Automatic;
				DEVELOPMENT_TEAM = 3S67G6A35R;
				INFOPLIST_FILE = ComicFlowTests/Info.plist;
				LD_RUNPATH_SEARCH_PATHS = (
					"$(inherited)",
					"@executable_path/Frameworks",
					"@loader_path/Frameworks",
				);
				PRODUCT_BUNDLE_IDENTIFIER = vipkid.ComicFlowTests;
				PRODUCT_NAME = "$(TARGET_NAME)";
				TARGETED_DEVICE_FAMILY = "1,2";
				TEST_HOST = "$(BUILT_PRODUCTS_DIR)/ComicFlow.app/ComicFlow";
			};
			name = Release;
		};
		1A7BC10420D523A900468466 /* Debug */ = {
			isa = XCBuildConfiguration;
			buildSettings = {
				CODE_SIGN_STYLE = Automatic;
				DEVELOPMENT_TEAM = 3S67G6A35R;
				INFOPLIST_FILE = ComicFlowUITests/Info.plist;
				LD_RUNPATH_SEARCH_PATHS = (
					"$(inherited)",
					"@executable_path/Frameworks",
					"@loader_path/Frameworks",
				);
				PRODUCT_BUNDLE_IDENTIFIER = vipkid.ComicFlowUITests;
				PRODUCT_NAME = "$(TARGET_NAME)";
				TARGETED_DEVICE_FAMILY = "1,2";
				TEST_TARGET_NAME = ComicFlow;
			};
			name = Debug;
		};
		1A7BC10520D523A900468466 /* Release */ = {
			isa = XCBuildConfiguration;
			buildSettings = {
				CODE_SIGN_STYLE = Automatic;
				DEVELOPMENT_TEAM = 3S67G6A35R;
				INFOPLIST_FILE = ComicFlowUITests/Info.plist;
				LD_RUNPATH_SEARCH_PATHS = (
					"$(inherited)",
					"@executable_path/Frameworks",
					"@loader_path/Frameworks",
				);
				PRODUCT_BUNDLE_IDENTIFIER = vipkid.ComicFlowUITests;
				PRODUCT_NAME = "$(TARGET_NAME)";
				TARGETED_DEVICE_FAMILY = "1,2";
				TEST_TARGET_NAME = ComicFlow;
			};
			name = Release;
		};
/* End XCBuildConfiguration section */

/* Begin XCConfigurationList section */
		1A7BC0CC20D523A700468466 /* Build configuration list for PBXProject "ComicFlow" */ = {
			isa = XCConfigurationList;
			buildConfigurations = (
				1A7BC0FB20D523A900468466 /* Debug */,
				1A7BC0FC20D523A900468466 /* Release */,
			);
			defaultConfigurationIsVisible = 0;
			defaultConfigurationName = Release;
		};
		1A7BC0FD20D523A900468466 /* Build configuration list for PBXNativeTarget "ComicFlow" */ = {
			isa = XCConfigurationList;
			buildConfigurations = (
				1A7BC0FE20D523A900468466 /* Debug */,
				1A7BC0FF20D523A900468466 /* Release */,
			);
			defaultConfigurationIsVisible = 0;
			defaultConfigurationName = Release;
		};
		1A7BC10020D523A900468466 /* Build configuration list for PBXNativeTarget "ComicFlowTests" */ = {
			isa = XCConfigurationList;
			buildConfigurations = (
				1A7BC10120D523A900468466 /* Debug */,
				1A7BC10220D523A900468466 /* Release */,
			);
			defaultConfigurationIsVisible = 0;
			defaultConfigurationName = Release;
		};
		1A7BC10320D523A900468466 /* Build configuration list for PBXNativeTarget "ComicFlowUITests" */ = {
			isa = XCConfigurationList;
			buildConfigurations = (
				1A7BC10420D523A900468466 /* Debug */,
				1A7BC10520D523A900468466 /* Release */,
			);
			defaultConfigurationIsVisible = 0;
			defaultConfigurationName = Release;
		};
/* End XCConfigurationList section */
	};
	rootObject = 1A7BC0C920D523A700468466 /* Project object */;
}
